<?xml version="1.0" encoding="UTF-8" standalone="yes" ?>
<CodeBlocks_project_file>
	<FileVersion major="1" minor="6" />
	<Project>
		<Option title="minecraft-clone" />
		<Option pch_mode="2" />
		<Option compiler="gcc" />
		<Build>
			<Target title="Debug">
				<Option output="bin/Debug/minecraft-clone" prefix_auto="1" extension_auto="1" />
				<Option object_output="obj/Debug/" />
				<Option type="1" />
				<Option compiler="gcc" />
				<Compiler>
					<Add option="-Og" />
					<Add option="-g" />
					<Add option="-DDEBUG" />
					<Add directory="include/game/" />
					<Add directory="include/optimisation" />
					<Add directory="include/biome" />
					<Add directory="include/physics" />
					<Add directory="include/game" />
				</Compiler>
				<Linker>
					<Add option="-lzstd" />
					<Add option="-lGLEW" />
					<Add option="-lX11" />
					<Add option="-lGLU" />
					<Add option="-lGL" />
					<Add option="-lglfw" />
					<Add option="lib/libPetroleum.a.debug" />
				</Linker>
			</Target>
			<Target title="Release">
				<Option output="bin/Release/minecraft-clone" prefix_auto="1" extension_auto="1" />
				<Option object_output="obj/Release/" />
				<Option type="1" />
				<Option compiler="gcc" />
				<Compiler>
					<Add option="-flto" />
					<Add directory="include/game/" />
					<Add directory="include/optimisation" />
					<Add directory="include/biome" />
					<Add directory="include/physics" />
					<Add directory="include/game" />
				</Compiler>
				<Linker>
					<Add option="-O3" />
					<Add option="-flto" />
					<Add option="-s" />
					<Add option="-lzstd" />
					<Add option="-lGLEW" />
					<Add option="-lX11" />
					<Add option="-lGLU" />
					<Add option="-lGL" />
					<Add option="-lglfw" />
					<Add option="lib/libPetroleum.a" />
				</Linker>
			</Target>
			<Target title="Static">
				<Option output="bin/Static/minecraft-clone" prefix_auto="1" extension_auto="1" />
				<Option object_output="obj/Static/" />
				<Option type="1" />
				<Option compiler="gcc" />
				<Compiler>
					<Add option="-flto" />
					<Add directory="include/game/" />
					<Add directory="include/optimisation" />
					<Add directory="include/biome" />
					<Add directory="include/physics" />
					<Add directory="include/game" />
				</Compiler>
				<Linker>
					<Add option="-O3" />
					<Add option="-flto" />
					<Add option="-s" />
					<Add option="-lzstd" />
					<Add option="-lGLU" />
					<Add option="-lGL" />
					<Add option="-lrt" />
					<Add option="-lm" />
					<Add option="-ldl" />
					<Add option="-lX11" />
					<Add option="-lxcb" />
					<Add option="-lXau" />
					<Add option="-lXdmcp" />
					<Add option="lib/libGLEW.a" />
					<Add option="lib/libglfw3.a" />
					<Add option="lib/libPetroleum.a" />
				</Linker>
			</Target>
		</Build>
		<Compiler>
			<Add option="-Wnon-virtual-dtor" />
			<Add option="-Winit-self" />
			<Add option="-Wredundant-decls" />
			<Add option="-Wcast-align" />
			<Add option="-Wundef" />
			<Add option="-Winline" />
			<Add option="-Wunreachable-code" />
			<Add option="-Wmain" />
			<Add option="-pedantic" />
			<Add option="-Wextra" />
			<Add option="-Wall" />
			<Add option="-std=c++20" />
			<Add option="-Iinclude" />
			<Add option="-fexceptions" />
			<Add option="-pipe" />
			<Add option="-march=native" />
		</Compiler>
		<Linker>
			<Add option="-lpthread" />
			<Add option="-lopenal" />
		</Linker>
		<Unit filename="Main.cpp" />
		<Unit filename="include/biome/Biome.h" />
		<Unit filename="include/game/Chunk.h" />
		<Unit filename="include/game/ChunkList.h" />
		<Unit filename="include/game/ChunkMesh.h" />
		<Unit filename="include/game/ChunkMeshList.h" />
		<Unit filename="include/game/Player.h" />
		<Unit filename="include/game/World.h" />
		<Unit filename="include/physics/Positioni.h" />
		<Unit filename="include/physics/Ray.h" />
		<Unit filename="include/ui/Crosshair.h" />
		<Unit filename="include/vendor/FastNoiseLite.h" />
		<Unit filename="src/biome/Biome.cpp" />
		<Unit filename="src/game/BlockEditing.cpp" />
		<Unit filename="src/game/Chunk.cpp" />
		<Unit filename="src/game/ChunkGeneration.cpp" />
		<Unit filename="src/game/ChunkLoading.cpp" />
		<Unit filename="src/game/ChunkMesh.cpp" />
		<Unit filename="src/game/Player.cpp" />
		<Unit filename="src/game/World.cpp" />
		<Unit filename="src/physics/Ray.cpp" />
		<Unit filename="src/ui/Crosshair.cpp" />
		<Extensions>
			<lib_finder disable_auto="1" />
		</Extensions>
	</Project>
</CodeBlocks_project_file>
